{
    "name": "npm-fflib-samplecode",
    "version": "1.0.0",
    "lockfileVersion": 2,
    "requires": true,
    "packages": {
        "": {
            "name": "npm-fflib-samplecode",
            "version": "1.0.0",
            "hasInstallScript": true,
            "dependencies": {
                "npm-fflib-common": "^1.1.1",
                "qfpm": "^1.1.1"
            }
        },
        "node_modules/npm-fflib-common": {
            "version": "1.1.1",
            "resolved": "https://registry.npmjs.org/npm-fflib-common/-/npm-fflib-common-1.1.1.tgz",
            "integrity": "sha512-fiyCgvFUAKJs99R0g1b3DR3dLy+mT22mfBNJXzBAKqvMfrN19jX+EtN2odDtSG9r2CRFfKLhMPpVNTna0VEXng==",
            "hasInstallScript": true,
            "dependencies": {
                "npm-fflib-mocks": "^1.1.1",
                "qfpm": "^1.1.1"
            }
        },
        "node_modules/npm-fflib-mocks": {
            "version": "1.1.1",
            "resolved": "https://registry.npmjs.org/npm-fflib-mocks/-/npm-fflib-mocks-1.1.1.tgz",
            "integrity": "sha512-3ZdX8/waPoM6ldFgFXCywbW4WkJ93VVeAHE0U3LtHgCNYlF2q13JRyJDkaHLM9xLseEeuvQGiiYDwGn5FYI/TQ==",
            "hasInstallScript": true,
            "dependencies": {
                "qfpm": "^1.1.1"
            }
        },
        "node_modules/qfpm": {
            "version": "1.1.1",
            "resolved": "https://registry.npmjs.org/qfpm/-/qfpm-1.1.1.tgz",
            "integrity": "sha512-q46GW/zW6eJQSFa7XXJr8C9Njs93In0xjPKcALjP2pojnAXiilOA90EKJBmYx2n2iJ+BpTGO8zc6yDEbicIqUA==",
            "hasInstallScript": true,
            "bin": {
                "qbuild": "src/build.sh",
                "qclean": "src/clean.sh",
                "qdeploy": "src/deploy.sh",
                "qgetprojectname": "src/getprojectname.js",
                "qgetsrcfolders": "src/getsrcfolders.js",
                "qisqfpm": "src/isqfpm.js",
                "qisscratched": "src/isscratched.js",
                "qpostinstall": "src/postinstall.sh",
                "qpreinstall": "src/preinstall.sh",
                "qpush": "src/push.sh",
                "qremovedepends": "src/removedepends.sh",
                "qscratch": "src/scratch.sh",
                "qsetup": "src/setup.sh",
                "qtest": "src/test.sh"
            }
        }
    },
    "dependencies": {
        "npm-fflib-common": {
            "version": "1.1.1",
            "resolved": "https://registry.npmjs.org/npm-fflib-common/-/npm-fflib-common-1.1.1.tgz",
            "integrity": "sha512-fiyCgvFUAKJs99R0g1b3DR3dLy+mT22mfBNJXzBAKqvMfrN19jX+EtN2odDtSG9r2CRFfKLhMPpVNTna0VEXng==",
            "requires": {
                "npm-fflib-mocks": "^1.1.1",
                "qfpm": "^1.1.1"
            }
        },
        "npm-fflib-mocks": {
            "version": "1.1.1",
            "resolved": "https://registry.npmjs.org/npm-fflib-mocks/-/npm-fflib-mocks-1.1.1.tgz",
            "integrity": "sha512-3ZdX8/waPoM6ldFgFXCywbW4WkJ93VVeAHE0U3LtHgCNYlF2q13JRyJDkaHLM9xLseEeuvQGiiYDwGn5FYI/TQ==",
            "requires": {
                "qfpm": "^1.1.1"
            }
        },
        "qfpm": {
            "version": "1.1.1",
            "resolved": "https://registry.npmjs.org/qfpm/-/qfpm-1.1.1.tgz",
            "integrity": "sha512-q46GW/zW6eJQSFa7XXJr8C9Njs93In0xjPKcALjP2pojnAXiilOA90EKJBmYx2n2iJ+BpTGO8zc6yDEbicIqUA=="
        }
    }
}
