{
  "name": "npm-fflib-samplecode",
  "version": "1.0.0",
  "lockfileVersion": 1,
  "requires": true,
  "dependencies": {
    "npm-fflib-common": {
      "version": "1.0.14",
      "resolved": "https://registry.npmjs.org/npm-fflib-common/-/npm-fflib-common-1.0.14.tgz",
      "integrity": "sha512-ebBBVBQQb8drvmFmYCFWoIeg0r18oAlvhQDMr26doHbwJpgRG7QqlV8CCb3YxGmGPlYgd5q++u33DCsvaeZFTQ==",
      "requires": {
        "npm-fflib-mocks": "^1.0.13"
      }
    },
    "npm-fflib-mocks": {
      "version": "1.0.13",
      "resolved": "https://registry.npmjs.org/npm-fflib-mocks/-/npm-fflib-mocks-1.0.13.tgz",
      "integrity": "sha512-Y0giDfuh2gSNO8ey6Fh6XpihSlv0CdfFaxRu6PG0rie7Rssyi17W2BuqQCiYVJ5Ixt/DD/K0jJB8B6cQEwbnoQ=="
    }
  }
}
