{
  "name": "npm-fflib-samplecode",
  "version": "1.0.0",
  "lockfileVersion": 1,
  "requires": true,
  "dependencies": {
    "npm-fflib-common": {
      "version": "1.0.11",
      "resolved": "https://registry.npmjs.org/npm-fflib-common/-/npm-fflib-common-1.0.11.tgz",
      "integrity": "sha512-FhBm8HMzl/kzf5PomuB4kT0yQVCn/QqUPIdkC790MSOpB1hXxcdJsw8dDtXUI73HyGIMVF0oSHNcN3dhQGNckg==",
      "requires": {
        "npm-fflib-mocks": "^1.0.11"
      }
    },
    "npm-fflib-mocks": {
      "version": "1.0.11",
      "resolved": "https://registry.npmjs.org/npm-fflib-mocks/-/npm-fflib-mocks-1.0.11.tgz",
      "integrity": "sha512-+wTcWrqPqFXyoAiw0IZDO8lAdsS1le2Ql4mNTh+5UG+KZzDsmivdde7hLCPI/SJ33WLw3kfq3CFmBXcGEXRCzg=="
    }
  }
}
